
Microsoft Visual Studio Solution File, Format Version 12.00
# Visual Studio Version 16
VisualStudioVersion = 16.0.29123.88
MinimumVisualStudioVersion = 10.0.40219.1
Project("{FAE04EC0-301F-11D3-BF4B-00C04F79EFBC}") = "Quilt", "Quilt\Quilt.csproj", "{1883E931-0809-4629-A759-7CB40022CCEC}"
EndProject
Global
	GlobalSection(SolutionConfigurationPlatforms) = preSolution
		Debug|Any CPU = Debug|Any CPU
		Release|Any CPU = Release|Any CPU
	EndGlobalSection
	GlobalSection(ProjectConfigurationPlatforms) = postSolution
		{1883E931-0809-4629-A759-7CB40022CCEC}.Debug|Any CPU.ActiveCfg = Debug|Any CPU
		{1883E931-0809-4629-A759-7CB40022CCEC}.Debug|Any CPU.Build.0 = Debug|Any CPU
		{1883E931-0809-4629-A759-7CB40022CCEC}.Release|Any CPU.ActiveCfg = Release|Any CPU
		{1883E931-0809-4629-A759-7CB40022CCEC}.Release|Any CPU.Build.0 = Release|Any CPU
	EndGlobalSection
	GlobalSection(SolutionProperties) = preSolution
		HideSolutionNode = FALSE
	EndGlobalSection
	GlobalSection(ExtensibilityGlobals) = postSolution
		SolutionGuid = {457816D3-0123-4A14-9B41-71A88DFA104E}
	EndGlobalSection
EndGlobal
